
Microsoft Visual Studio Solution File, Format Version 12.00
# Visual Studio 2012
Project("{FAE04EC0-301F-11D3-BF4B-00C04F79EFBC}") = "Prototype", "Prototype\Prototype.csproj", "{720FE784-3F1A-47A5-8E0F-13271EAF988F}"
EndProject
Project("{FAE04EC0-301F-11D3-BF4B-00C04F79EFBC}") = "PrototypeDemo", "PrototypeDemo\PrototypeDemo.csproj", "{9F8ABCAD-4533-4DA0-8FE9-2D7DC84E4AFC}"
EndProject
Global
	GlobalSection(SolutionConfigurationPlatforms) = preSolution
		Debug|Any CPU = Debug|Any CPU
		Release|Any CPU = Release|Any CPU
	EndGlobalSection
	GlobalSection(ProjectConfigurationPlatforms) = postSolution
		{720FE784-3F1A-47A5-8E0F-13271EAF988F}.Debug|Any CPU.ActiveCfg = Debug|Any CPU
		{720FE784-3F1A-47A5-8E0F-13271EAF988F}.Debug|Any CPU.Build.0 = Debug|Any CPU
		{720FE784-3F1A-47A5-8E0F-13271EAF988F}.Release|Any CPU.ActiveCfg = Release|Any CPU
		{720FE784-3F1A-47A5-8E0F-13271EAF988F}.Release|Any CPU.Build.0 = Release|Any CPU
		{9F8ABCAD-4533-4DA0-8FE9-2D7DC84E4AFC}.Debug|Any CPU.ActiveCfg = Debug|Any CPU
		{9F8ABCAD-4533-4DA0-8FE9-2D7DC84E4AFC}.Debug|Any CPU.Build.0 = Debug|Any CPU
		{9F8ABCAD-4533-4DA0-8FE9-2D7DC84E4AFC}.Release|Any CPU.ActiveCfg = Release|Any CPU
		{9F8ABCAD-4533-4DA0-8FE9-2D7DC84E4AFC}.Release|Any CPU.Build.0 = Release|Any CPU
	EndGlobalSection
	GlobalSection(SolutionProperties) = preSolution
		HideSolutionNode = FALSE
	EndGlobalSection
	GlobalSection(Performance) = preSolution
		HasPerformanceSessions = true
	EndGlobalSection
EndGlobal
